
Microsoft Visual Studio Solution File, Format Version 12.00
# Visual Studio Version 17
VisualStudioVersion = 17.13.35806.99 d17.13
MinimumVisualStudioVersion = 10.0.40219.1
Project("{FAE04EC0-301F-11D3-BF4B-00C04F79EFBC}") = "HouYi", "HouYi\HouYi.csproj", "{E88063D4-913A-4380-B1F9-6EB15DD0FCE5}"
EndProject
Project("{FAE04EC0-301F-11D3-BF4B-00C04F79EFBC}") = "HouYi.Client", "HouYi.Client\HouYi.Client.csproj", "{36DF9F7C-8039-4AA6-8196-131DBB92E931}"
EndProject
Global
	GlobalSection(SolutionConfigurationPlatforms) = preSolution
		Debug|Any CPU = Debug|Any CPU
		Release|Any CPU = Release|Any CPU
	EndGlobalSection
	GlobalSection(ProjectConfigurationPlatforms) = postSolution
		{E88063D4-913A-4380-B1F9-6EB15DD0FCE5}.Debug|Any CPU.ActiveCfg = Debug|Any CPU
		{E88063D4-913A-4380-B1F9-6EB15DD0FCE5}.Debug|Any CPU.Build.0 = Debug|Any CPU
		{E88063D4-913A-4380-B1F9-6EB15DD0FCE5}.Release|Any CPU.ActiveCfg = Release|Any CPU
		{E88063D4-913A-4380-B1F9-6EB15DD0FCE5}.Release|Any CPU.Build.0 = Release|Any CPU
		{36DF9F7C-8039-4AA6-8196-131DBB92E931}.Debug|Any CPU.ActiveCfg = Debug|Any CPU
		{36DF9F7C-8039-4AA6-8196-131DBB92E931}.Debug|Any CPU.Build.0 = Debug|Any CPU
		{36DF9F7C-8039-4AA6-8196-131DBB92E931}.Release|Any CPU.ActiveCfg = Release|Any CPU
		{36DF9F7C-8039-4AA6-8196-131DBB92E931}.Release|Any CPU.Build.0 = Release|Any CPU
	EndGlobalSection
	GlobalSection(SolutionProperties) = preSolution
		HideSolutionNode = FALSE
	EndGlobalSection
	GlobalSection(ExtensibilityGlobals) = postSolution
		SolutionGuid = {0C3E0C2D-7581-4BF3-823A-7F5BD4FA6353}
	EndGlobalSection
EndGlobal
